
Microsoft Visual Studio Solution File, Format Version 12.00
# Visual Studio Version 16
VisualStudioVersion = 16.0.30114.105
MinimumVisualStudioVersion = 10.0.40219.1
Project("{2150E333-8FDC-42A3-9474-1A3956D46DE8}") = "src", "src", "{735ACB0B-E8DC-4531-BE8C-77921D05A0D3}"
EndProject
Project("{2150E333-8FDC-42A3-9474-1A3956D46DE8}") = "Examination", "Examination", "{42C4282E-CB1F-4176-A032-932780CEA5EC}"
EndProject
Project("{FAE04EC0-301F-11D3-BF4B-00C04F79EFBC}") = "Examination.Api", "src\Examination\Examination.Api\Examination.Api.csproj", "{C2339AB9-1787-4C6E-B993-7C954274B2A0}"
EndProject
Project("{FAE04EC0-301F-11D3-BF4B-00C04F79EFBC}") = "Examination.Application", "src\Examination\Examination.Application\Examination.Application.csproj", "{FE250914-25C6-4561-A32F-A04225E53FFB}"
EndProject
Project("{FAE04EC0-301F-11D3-BF4B-00C04F79EFBC}") = "Examination.Domain", "src\Examination\Examination.Domain\Examination.Domain.csproj", "{505AD24B-BEDA-4F07-AEA5-9BBCAE2333E8}"
EndProject
Project("{FAE04EC0-301F-11D3-BF4B-00C04F79EFBC}") = "Examination.Infrastructure", "src\Examination\Examination.Infrastructure\Examination.Infrastructure.csproj", "{63E55E66-8C50-4CF2-8A61-752B4B3FA8B7}"
EndProject
Project("{FAE04EC0-301F-11D3-BF4B-00C04F79EFBC}") = "Identity.Api.IntegrationTests", "tests\Identity\Identity.Api.IntegrationTests\Identity.Api.IntegrationTests.csproj", "{AC2F332B-5851-4E82-812F-77BFA9D884C8}"
EndProject
Project("{FAE04EC0-301F-11D3-BF4B-00C04F79EFBC}") = "Examination.Infrastructure.IntegrationTests", "tests\Examination\Examination.Infrastructure.IntegrationTests\Examination.Infrastructure.IntegrationTests.csproj", "{48D99053-C4D1-4311-9BE4-85D7485D4359}"
EndProject
Project("{2150E333-8FDC-42A3-9474-1A3956D46DE8}") = "tests", "tests", "{136AE484-96B0-42BF-9B62-DF5BCFFAE2C7}"
EndProject
Project("{2150E333-8FDC-42A3-9474-1A3956D46DE8}") = "Examination", "Examination", "{06DC1B14-A89F-4BC8-8A1F-E395C640D30B}"
EndProject
Project("{FAE04EC0-301F-11D3-BF4B-00C04F79EFBC}") = "Examination.Application.UnitTests", "tests\Examination\Examination.Application.UnitTests\Examination.Application.UnitTests.csproj", "{06E94CEB-DE1B-471A-A724-64EF38B527EA}"
EndProject
Project("{FAE04EC0-301F-11D3-BF4B-00C04F79EFBC}") = "Examination.Domain.UnitTests", "tests\Examination\Examination.Domain.UnitTests\Examination.Domain.UnitTests.csproj", "{A9D4D4C9-4D81-4CAF-8C9B-65D462331B8C}"
EndProject
Project("{FAE04EC0-301F-11D3-BF4B-00C04F79EFBC}") = "Examination.Api.IntegrationTests", "tests\Examination\Examination.Api.IntegrationTests\Examination.Api.IntegrationTests.csproj", "{08D0CF41-5369-48C6-A282-B495F38CC427}"
EndProject
Project("{2150E333-8FDC-42A3-9474-1A3956D46DE8}") = "BuildingBlocks", "BuildingBlocks", "{14C926C4-3116-4C27-A0F3-83814D21CC27}"
EndProject
Project("{FAE04EC0-301F-11D3-BF4B-00C04F79EFBC}") = "Examination.Dtos", "src\BuildingBlocks\Examination.Dtos\Examination.Dtos.csproj", "{9BDC91B8-BA07-45A5-8B43-B64D0CE1EF9E}"
EndProject
Project("{2150E333-8FDC-42A3-9474-1A3956D46DE8}") = "Identity", "Identity", "{34A054D0-0F26-11ED-BD10-2F303DBDCEA3}"
EndProject
Project("{2150E333-8FDC-42A3-9474-1A3956D46DE8}") = "Identity", "Identity", "{8BB4F6E0-0F26-11ED-BD10-2F303DBDCEA3}"
EndProject
Project("{FAE04EC0-301F-11D3-BF4B-00C04F79EFBC}") = "Identity.Admin.BusinessLogic", "src\Identity\Identity.Admin.BusinessLogic\Identity.Admin.BusinessLogic.csproj", "{137849E6-07D9-4028-BD72-FB89BFF45740}"
EndProject
Project("{FAE04EC0-301F-11D3-BF4B-00C04F79EFBC}") = "Identity.Admin.BusinessLogic.Identity", "src\Identity\Identity.Admin.BusinessLogic.Identity\Identity.Admin.BusinessLogic.Identity.csproj", "{7EA3F4DA-E5A8-4420-AFDA-7D847F9D1F4B}"
EndProject
Project("{FAE04EC0-301F-11D3-BF4B-00C04F79EFBC}") = "Identity.Admin.BusinessLogic.Shared", "src\Identity\Identity.Admin.BusinessLogic.Shared\Identity.Admin.BusinessLogic.Shared.csproj", "{4347D1CB-462D-42A1-A41D-819AEBB832A8}"
EndProject
Project("{FAE04EC0-301F-11D3-BF4B-00C04F79EFBC}") = "Identity.Admin.EntityFramework", "src\Identity\Identity.Admin.EntityFramework\Identity.Admin.EntityFramework.csproj", "{7DEEDAE2-9E62-49BB-A0F2-F799117E8350}"
EndProject
Project("{FAE04EC0-301F-11D3-BF4B-00C04F79EFBC}") = "Identity.Admin.EntityFramework.Configuration", "src\Identity\Identity.Admin.EntityFramework.Configuration\Identity.Admin.EntityFramework.Configuration.csproj", "{ADC4AA9C-DB08-470F-BC0C-3FC8DD4BFCFE}"
EndProject
Project("{FAE04EC0-301F-11D3-BF4B-00C04F79EFBC}") = "Identity.Admin.EntityFramework.Extensions", "src\Identity\Identity.Admin.EntityFramework.Extensions\Identity.Admin.EntityFramework.Extensions.csproj", "{A7CA7511-1220-4E4D-BFE4-E28E53480DA0}"
EndProject
Project("{FAE04EC0-301F-11D3-BF4B-00C04F79EFBC}") = "Identity.Admin.EntityFramework.Identity", "src\Identity\Identity.Admin.EntityFramework.Identity\Identity.Admin.EntityFramework.Identity.csproj", "{7611C264-ECFD-4E94-A7E0-B0FF2AFAC842}"
EndProject
Project("{FAE04EC0-301F-11D3-BF4B-00C04F79EFBC}") = "Identity.Admin.EntityFramework.Shared", "src\Identity\Identity.Admin.EntityFramework.Shared\Identity.Admin.EntityFramework.Shared.csproj", "{B2A4B8BB-CB24-4E8F-B331-21DC693DE2E3}"
EndProject
Project("{FAE04EC0-301F-11D3-BF4B-00C04F79EFBC}") = "Identity.Admin.EntityFramework.SqlServer", "src\Identity\Identity.Admin.EntityFramework.SqlServer\Identity.Admin.EntityFramework.SqlServer.csproj", "{7D1E77E2-3692-4589-B8BD-A297DCBC5784}"
EndProject
Project("{FAE04EC0-301F-11D3-BF4B-00C04F79EFBC}") = "Identity.Shared", "src\Identity\Identity.Shared\Identity.Shared.csproj", "{FC313276-8C8A-4390-9338-4EA967F18C44}"
EndProject
Project("{FAE04EC0-301F-11D3-BF4B-00C04F79EFBC}") = "Identity.Shared.Configuration", "src\Identity\Identity.Shared.Configuration\Identity.Shared.Configuration.csproj", "{3646F4E7-7B54-4E2F-8CE4-6E4795D0BDBA}"
EndProject
Project("{FAE04EC0-301F-11D3-BF4B-00C04F79EFBC}") = "Identity.STS.Identity", "src\Identity\Identity.STS.Identity\Identity.STS.Identity.csproj", "{F41BF94F-12CB-43C2-8A21-4CC48B32C73F}"
EndProject
Project("{FAE04EC0-301F-11D3-BF4B-00C04F79EFBC}") = "Identity.Admin", "src\Identity\Identity.Admin\Identity.Admin.csproj", "{DC2A7133-EC3B-4043-B35E-763DE3641811}"
EndProject
Global
	GlobalSection(SolutionConfigurationPlatforms) = preSolution
		Debug|Any CPU = Debug|Any CPU
		Release|Any CPU = Release|Any CPU
	EndGlobalSection
	GlobalSection(SolutionProperties) = preSolution
		HideSolutionNode = FALSE
	EndGlobalSection
	GlobalSection(ProjectConfigurationPlatforms) = postSolution
		{C2339AB9-1787-4C6E-B993-7C954274B2A0}.Debug|Any CPU.ActiveCfg = Debug|Any CPU
		{C2339AB9-1787-4C6E-B993-7C954274B2A0}.Debug|Any CPU.Build.0 = Debug|Any CPU
		{C2339AB9-1787-4C6E-B993-7C954274B2A0}.Release|Any CPU.ActiveCfg = Release|Any CPU
		{C2339AB9-1787-4C6E-B993-7C954274B2A0}.Release|Any CPU.Build.0 = Release|Any CPU
		{FE250914-25C6-4561-A32F-A04225E53FFB}.Debug|Any CPU.ActiveCfg = Debug|Any CPU
		{FE250914-25C6-4561-A32F-A04225E53FFB}.Debug|Any CPU.Build.0 = Debug|Any CPU
		{FE250914-25C6-4561-A32F-A04225E53FFB}.Release|Any CPU.ActiveCfg = Release|Any CPU
		{FE250914-25C6-4561-A32F-A04225E53FFB}.Release|Any CPU.Build.0 = Release|Any CPU
		{505AD24B-BEDA-4F07-AEA5-9BBCAE2333E8}.Debug|Any CPU.ActiveCfg = Debug|Any CPU
		{505AD24B-BEDA-4F07-AEA5-9BBCAE2333E8}.Debug|Any CPU.Build.0 = Debug|Any CPU
		{505AD24B-BEDA-4F07-AEA5-9BBCAE2333E8}.Release|Any CPU.ActiveCfg = Release|Any CPU
		{505AD24B-BEDA-4F07-AEA5-9BBCAE2333E8}.Release|Any CPU.Build.0 = Release|Any CPU
		{63E55E66-8C50-4CF2-8A61-752B4B3FA8B7}.Debug|Any CPU.ActiveCfg = Debug|Any CPU
		{63E55E66-8C50-4CF2-8A61-752B4B3FA8B7}.Debug|Any CPU.Build.0 = Debug|Any CPU
		{63E55E66-8C50-4CF2-8A61-752B4B3FA8B7}.Release|Any CPU.ActiveCfg = Release|Any CPU
		{63E55E66-8C50-4CF2-8A61-752B4B3FA8B7}.Release|Any CPU.Build.0 = Release|Any CPU
		{AC2F332B-5851-4E82-812F-77BFA9D884C8}.Debug|Any CPU.ActiveCfg = Debug|Any CPU
		{AC2F332B-5851-4E82-812F-77BFA9D884C8}.Debug|Any CPU.Build.0 = Debug|Any CPU
		{AC2F332B-5851-4E82-812F-77BFA9D884C8}.Release|Any CPU.ActiveCfg = Release|Any CPU
		{AC2F332B-5851-4E82-812F-77BFA9D884C8}.Release|Any CPU.Build.0 = Release|Any CPU
		{48D99053-C4D1-4311-9BE4-85D7485D4359}.Debug|Any CPU.ActiveCfg = Debug|Any CPU
		{48D99053-C4D1-4311-9BE4-85D7485D4359}.Debug|Any CPU.Build.0 = Debug|Any CPU
		{48D99053-C4D1-4311-9BE4-85D7485D4359}.Release|Any CPU.ActiveCfg = Release|Any CPU
		{48D99053-C4D1-4311-9BE4-85D7485D4359}.Release|Any CPU.Build.0 = Release|Any CPU
		{06E94CEB-DE1B-471A-A724-64EF38B527EA}.Debug|Any CPU.ActiveCfg = Debug|Any CPU
		{06E94CEB-DE1B-471A-A724-64EF38B527EA}.Debug|Any CPU.Build.0 = Debug|Any CPU
		{06E94CEB-DE1B-471A-A724-64EF38B527EA}.Release|Any CPU.ActiveCfg = Release|Any CPU
		{06E94CEB-DE1B-471A-A724-64EF38B527EA}.Release|Any CPU.Build.0 = Release|Any CPU
		{A9D4D4C9-4D81-4CAF-8C9B-65D462331B8C}.Debug|Any CPU.ActiveCfg = Debug|Any CPU
		{A9D4D4C9-4D81-4CAF-8C9B-65D462331B8C}.Debug|Any CPU.Build.0 = Debug|Any CPU
		{A9D4D4C9-4D81-4CAF-8C9B-65D462331B8C}.Release|Any CPU.ActiveCfg = Release|Any CPU
		{A9D4D4C9-4D81-4CAF-8C9B-65D462331B8C}.Release|Any CPU.Build.0 = Release|Any CPU
		{08D0CF41-5369-48C6-A282-B495F38CC427}.Debug|Any CPU.ActiveCfg = Debug|Any CPU
		{08D0CF41-5369-48C6-A282-B495F38CC427}.Debug|Any CPU.Build.0 = Debug|Any CPU
		{08D0CF41-5369-48C6-A282-B495F38CC427}.Release|Any CPU.ActiveCfg = Release|Any CPU
		{08D0CF41-5369-48C6-A282-B495F38CC427}.Release|Any CPU.Build.0 = Release|Any CPU
		{9BDC91B8-BA07-45A5-8B43-B64D0CE1EF9E}.Debug|Any CPU.ActiveCfg = Debug|Any CPU
		{9BDC91B8-BA07-45A5-8B43-B64D0CE1EF9E}.Debug|Any CPU.Build.0 = Debug|Any CPU
		{9BDC91B8-BA07-45A5-8B43-B64D0CE1EF9E}.Release|Any CPU.ActiveCfg = Release|Any CPU
		{9BDC91B8-BA07-45A5-8B43-B64D0CE1EF9E}.Release|Any CPU.Build.0 = Release|Any CPU
		{137849E6-07D9-4028-BD72-FB89BFF45740}.Debug|Any CPU.ActiveCfg = Debug|Any CPU
		{137849E6-07D9-4028-BD72-FB89BFF45740}.Debug|Any CPU.Build.0 = Debug|Any CPU
		{137849E6-07D9-4028-BD72-FB89BFF45740}.Release|Any CPU.ActiveCfg = Release|Any CPU
		{137849E6-07D9-4028-BD72-FB89BFF45740}.Release|Any CPU.Build.0 = Release|Any CPU
		{7EA3F4DA-E5A8-4420-AFDA-7D847F9D1F4B}.Debug|Any CPU.ActiveCfg = Debug|Any CPU
		{7EA3F4DA-E5A8-4420-AFDA-7D847F9D1F4B}.Debug|Any CPU.Build.0 = Debug|Any CPU
		{7EA3F4DA-E5A8-4420-AFDA-7D847F9D1F4B}.Release|Any CPU.ActiveCfg = Release|Any CPU
		{7EA3F4DA-E5A8-4420-AFDA-7D847F9D1F4B}.Release|Any CPU.Build.0 = Release|Any CPU
		{4347D1CB-462D-42A1-A41D-819AEBB832A8}.Debug|Any CPU.ActiveCfg = Debug|Any CPU
		{4347D1CB-462D-42A1-A41D-819AEBB832A8}.Debug|Any CPU.Build.0 = Debug|Any CPU
		{4347D1CB-462D-42A1-A41D-819AEBB832A8}.Release|Any CPU.ActiveCfg = Release|Any CPU
		{4347D1CB-462D-42A1-A41D-819AEBB832A8}.Release|Any CPU.Build.0 = Release|Any CPU
		{7DEEDAE2-9E62-49BB-A0F2-F799117E8350}.Debug|Any CPU.ActiveCfg = Debug|Any CPU
		{7DEEDAE2-9E62-49BB-A0F2-F799117E8350}.Debug|Any CPU.Build.0 = Debug|Any CPU
		{7DEEDAE2-9E62-49BB-A0F2-F799117E8350}.Release|Any CPU.ActiveCfg = Release|Any CPU
		{7DEEDAE2-9E62-49BB-A0F2-F799117E8350}.Release|Any CPU.Build.0 = Release|Any CPU
		{ADC4AA9C-DB08-470F-BC0C-3FC8DD4BFCFE}.Debug|Any CPU.ActiveCfg = Debug|Any CPU
		{ADC4AA9C-DB08-470F-BC0C-3FC8DD4BFCFE}.Debug|Any CPU.Build.0 = Debug|Any CPU
		{ADC4AA9C-DB08-470F-BC0C-3FC8DD4BFCFE}.Release|Any CPU.ActiveCfg = Release|Any CPU
		{ADC4AA9C-DB08-470F-BC0C-3FC8DD4BFCFE}.Release|Any CPU.Build.0 = Release|Any CPU
		{A7CA7511-1220-4E4D-BFE4-E28E53480DA0}.Debug|Any CPU.ActiveCfg = Debug|Any CPU
		{A7CA7511-1220-4E4D-BFE4-E28E53480DA0}.Debug|Any CPU.Build.0 = Debug|Any CPU
		{A7CA7511-1220-4E4D-BFE4-E28E53480DA0}.Release|Any CPU.ActiveCfg = Release|Any CPU
		{A7CA7511-1220-4E4D-BFE4-E28E53480DA0}.Release|Any CPU.Build.0 = Release|Any CPU
		{7611C264-ECFD-4E94-A7E0-B0FF2AFAC842}.Debug|Any CPU.ActiveCfg = Debug|Any CPU
		{7611C264-ECFD-4E94-A7E0-B0FF2AFAC842}.Debug|Any CPU.Build.0 = Debug|Any CPU
		{7611C264-ECFD-4E94-A7E0-B0FF2AFAC842}.Release|Any CPU.ActiveCfg = Release|Any CPU
		{7611C264-ECFD-4E94-A7E0-B0FF2AFAC842}.Release|Any CPU.Build.0 = Release|Any CPU
		{B2A4B8BB-CB24-4E8F-B331-21DC693DE2E3}.Debug|Any CPU.ActiveCfg = Debug|Any CPU
		{B2A4B8BB-CB24-4E8F-B331-21DC693DE2E3}.Debug|Any CPU.Build.0 = Debug|Any CPU
		{B2A4B8BB-CB24-4E8F-B331-21DC693DE2E3}.Release|Any CPU.ActiveCfg = Release|Any CPU
		{B2A4B8BB-CB24-4E8F-B331-21DC693DE2E3}.Release|Any CPU.Build.0 = Release|Any CPU
		{7D1E77E2-3692-4589-B8BD-A297DCBC5784}.Debug|Any CPU.ActiveCfg = Debug|Any CPU
		{7D1E77E2-3692-4589-B8BD-A297DCBC5784}.Debug|Any CPU.Build.0 = Debug|Any CPU
		{7D1E77E2-3692-4589-B8BD-A297DCBC5784}.Release|Any CPU.ActiveCfg = Release|Any CPU
		{7D1E77E2-3692-4589-B8BD-A297DCBC5784}.Release|Any CPU.Build.0 = Release|Any CPU
		{FC313276-8C8A-4390-9338-4EA967F18C44}.Debug|Any CPU.ActiveCfg = Debug|Any CPU
		{FC313276-8C8A-4390-9338-4EA967F18C44}.Debug|Any CPU.Build.0 = Debug|Any CPU
		{FC313276-8C8A-4390-9338-4EA967F18C44}.Release|Any CPU.ActiveCfg = Release|Any CPU
		{FC313276-8C8A-4390-9338-4EA967F18C44}.Release|Any CPU.Build.0 = Release|Any CPU
		{3646F4E7-7B54-4E2F-8CE4-6E4795D0BDBA}.Debug|Any CPU.ActiveCfg = Debug|Any CPU
		{3646F4E7-7B54-4E2F-8CE4-6E4795D0BDBA}.Debug|Any CPU.Build.0 = Debug|Any CPU
		{3646F4E7-7B54-4E2F-8CE4-6E4795D0BDBA}.Release|Any CPU.ActiveCfg = Release|Any CPU
		{3646F4E7-7B54-4E2F-8CE4-6E4795D0BDBA}.Release|Any CPU.Build.0 = Release|Any CPU
		{F41BF94F-12CB-43C2-8A21-4CC48B32C73F}.Debug|Any CPU.ActiveCfg = Debug|Any CPU
		{F41BF94F-12CB-43C2-8A21-4CC48B32C73F}.Debug|Any CPU.Build.0 = Debug|Any CPU
		{F41BF94F-12CB-43C2-8A21-4CC48B32C73F}.Release|Any CPU.ActiveCfg = Release|Any CPU
		{F41BF94F-12CB-43C2-8A21-4CC48B32C73F}.Release|Any CPU.Build.0 = Release|Any CPU
		{DC2A7133-EC3B-4043-B35E-763DE3641811}.Debug|Any CPU.ActiveCfg = Debug|Any CPU
		{DC2A7133-EC3B-4043-B35E-763DE3641811}.Debug|Any CPU.Build.0 = Debug|Any CPU
		{DC2A7133-EC3B-4043-B35E-763DE3641811}.Release|Any CPU.ActiveCfg = Release|Any CPU
		{DC2A7133-EC3B-4043-B35E-763DE3641811}.Release|Any CPU.Build.0 = Release|Any CPU
	EndGlobalSection
	GlobalSection(NestedProjects) = preSolution
		{8BB4F6E0-0F26-11ED-BD10-2F303DBDCEA3} = {735ACB0B-E8DC-4531-BE8C-77921D05A0D3}
		{AC2F332B-5851-4E82-812F-77BFA9D884C8} = {34A054D0-0F26-11ED-BD10-2F303DBDCEA3}
		{48D99053-C4D1-4311-9BE4-85D7485D4359} = {34A054D0-0F26-11ED-BD10-2F303DBDCEA3}
		{08D0CF41-5369-48C6-A282-B495F38CC427} = {34A054D0-0F26-11ED-BD10-2F303DBDCEA3}
		{34A054D0-0F26-11ED-BD10-2F303DBDCEA3} = {136AE484-96B0-42BF-9B62-DF5BCFFAE2C7}
		{42C4282E-CB1F-4176-A032-932780CEA5EC} = {735ACB0B-E8DC-4531-BE8C-77921D05A0D3}
		{C2339AB9-1787-4C6E-B993-7C954274B2A0} = {42C4282E-CB1F-4176-A032-932780CEA5EC}
		{FE250914-25C6-4561-A32F-A04225E53FFB} = {42C4282E-CB1F-4176-A032-932780CEA5EC}
		{505AD24B-BEDA-4F07-AEA5-9BBCAE2333E8} = {42C4282E-CB1F-4176-A032-932780CEA5EC}
		{63E55E66-8C50-4CF2-8A61-752B4B3FA8B7} = {42C4282E-CB1F-4176-A032-932780CEA5EC}
		{06DC1B14-A89F-4BC8-8A1F-E395C640D30B} = {136AE484-96B0-42BF-9B62-DF5BCFFAE2C7}
		{06E94CEB-DE1B-471A-A724-64EF38B527EA} = {06DC1B14-A89F-4BC8-8A1F-E395C640D30B}
		{A9D4D4C9-4D81-4CAF-8C9B-65D462331B8C} = {06DC1B14-A89F-4BC8-8A1F-E395C640D30B}
		{14C926C4-3116-4C27-A0F3-83814D21CC27} = {735ACB0B-E8DC-4531-BE8C-77921D05A0D3}
		{9BDC91B8-BA07-45A5-8B43-B64D0CE1EF9E} = {14C926C4-3116-4C27-A0F3-83814D21CC27}
		{137849E6-07D9-4028-BD72-FB89BFF45740} = {8BB4F6E0-0F26-11ED-BD10-2F303DBDCEA3}
		{7EA3F4DA-E5A8-4420-AFDA-7D847F9D1F4B} = {8BB4F6E0-0F26-11ED-BD10-2F303DBDCEA3}
		{4347D1CB-462D-42A1-A41D-819AEBB832A8} = {8BB4F6E0-0F26-11ED-BD10-2F303DBDCEA3}
		{7DEEDAE2-9E62-49BB-A0F2-F799117E8350} = {8BB4F6E0-0F26-11ED-BD10-2F303DBDCEA3}
		{ADC4AA9C-DB08-470F-BC0C-3FC8DD4BFCFE} = {8BB4F6E0-0F26-11ED-BD10-2F303DBDCEA3}
		{A7CA7511-1220-4E4D-BFE4-E28E53480DA0} = {8BB4F6E0-0F26-11ED-BD10-2F303DBDCEA3}
		{7611C264-ECFD-4E94-A7E0-B0FF2AFAC842} = {8BB4F6E0-0F26-11ED-BD10-2F303DBDCEA3}
		{B2A4B8BB-CB24-4E8F-B331-21DC693DE2E3} = {8BB4F6E0-0F26-11ED-BD10-2F303DBDCEA3}
		{7D1E77E2-3692-4589-B8BD-A297DCBC5784} = {8BB4F6E0-0F26-11ED-BD10-2F303DBDCEA3}
		{FC313276-8C8A-4390-9338-4EA967F18C44} = {8BB4F6E0-0F26-11ED-BD10-2F303DBDCEA3}
		{3646F4E7-7B54-4E2F-8CE4-6E4795D0BDBA} = {8BB4F6E0-0F26-11ED-BD10-2F303DBDCEA3}
		{F41BF94F-12CB-43C2-8A21-4CC48B32C73F} = {8BB4F6E0-0F26-11ED-BD10-2F303DBDCEA3}
		{DC2A7133-EC3B-4043-B35E-763DE3641811} = {8BB4F6E0-0F26-11ED-BD10-2F303DBDCEA3}
	EndGlobalSection
EndGlobal
